
Microsoft Visual Studio Solution File, Format Version 12.00
# Visual Studio 15
Project("{FAE04EC0-301F-11D3-BF4B-00C04F79EFBC}") = "Assembly-CSharp", "Assembly-CSharp.csproj", "{1D7F47FF-29AA-E106-55BF-3EB78766883A}"
EndProject
Global
	GlobalSection(SolutionConfigurationPlatforms) = preSolution
		Debug|Any CPU = Debug|Any CPU
		Release|Any CPU = Release|Any CPU
	EndGlobalSection
	GlobalSection(ProjectConfigurationPlatforms) = postSolution
		{1D7F47FF-29AA-E106-55BF-3EB78766883A}.Debug|Any CPU.ActiveCfg = Debug|Any CPU
		{1D7F47FF-29AA-E106-55BF-3EB78766883A}.Debug|Any CPU.Build.0 = Debug|Any CPU
		{1D7F47FF-29AA-E106-55BF-3EB78766883A}.Release|Any CPU.ActiveCfg = Release|Any CPU
		{1D7F47FF-29AA-E106-55BF-3EB78766883A}.Release|Any CPU.Build.0 = Release|Any CPU
	EndGlobalSection
	GlobalSection(SolutionProperties) = preSolution
		HideSolutionNode = FALSE
	EndGlobalSection
EndGlobal
